
Microsoft Visual Studio Solution File, Format Version 12.00
# Visual Studio Version 16
VisualStudioVersion = 16.0.29905.134
MinimumVisualStudioVersion = 10.0.40219.1
Project("{FAE04EC0-301F-11D3-BF4B-00C04F79EFBC}") = "GitApp", "GitApp.csproj", "{76884D0F-374B-4F65-BD09-C9EF82218E80}"
EndProject
Global
	GlobalSection(SolutionConfigurationPlatforms) = preSolution
		Debug|Any CPU = Debug|Any CPU
		Release|Any CPU = Release|Any CPU
	EndGlobalSection
	GlobalSection(ProjectConfigurationPlatforms) = postSolution
		{76884D0F-374B-4F65-BD09-C9EF82218E80}.Debug|Any CPU.ActiveCfg = Debug|Any CPU
		{76884D0F-374B-4F65-BD09-C9EF82218E80}.Debug|Any CPU.Build.0 = Debug|Any CPU
		{76884D0F-374B-4F65-BD09-C9EF82218E80}.Release|Any CPU.ActiveCfg = Release|Any CPU
		{76884D0F-374B-4F65-BD09-C9EF82218E80}.Release|Any CPU.Build.0 = Release|Any CPU
	EndGlobalSection
	GlobalSection(SolutionProperties) = preSolution
		HideSolutionNode = FALSE
	EndGlobalSection
	GlobalSection(ExtensibilityGlobals) = postSolution
		SolutionGuid = {4FEC6C51-5D67-4342-A526-62C42F041E08}
	EndGlobalSection
EndGlobal
